
Microsoft Visual Studio Solution File, Format Version 12.00
# Visual Studio 15
VisualStudioVersion = 15.0.28307.1267
MinimumVisualStudioVersion = 10.0.40219.1
Project("{FAE04EC0-301F-11D3-BF4B-00C04F79EFBC}") = "Q1", "Q1\Q1.csproj", "{6D69B970-05FB-4310-80E4-349114D4C4DC}"
EndProject
Project("{FAE04EC0-301F-11D3-BF4B-00C04F79EFBC}") = "Q2", "Q2\Q2.csproj", "{61185746-5D4C-4E55-8092-053EF4EB8244}"
EndProject
Project("{FAE04EC0-301F-11D3-BF4B-00C04F79EFBC}") = "Q3", "Q3\Q3.csproj", "{DD512083-5AF5-4FA5-BEFA-BCDAC11B6A96}"
EndProject
Project("{FAE04EC0-301F-11D3-BF4B-00C04F79EFBC}") = "Q4", "Q4\Q4.csproj", "{F297AD4A-90FB-4A36-83AC-E02048963EF6}"
EndProject
Project("{FAE04EC0-301F-11D3-BF4B-00C04F79EFBC}") = "Q5", "Q5\Q5.csproj", "{09A10AC8-0C00-43A4-BBDF-CA410B30B139}"
EndProject
Project("{FAE04EC0-301F-11D3-BF4B-00C04F79EFBC}") = "Q6", "Q6\Q6.csproj", "{D493FC46-1BCD-4E36-86C9-CB831AAF0E73}"
EndProject
Project("{FAE04EC0-301F-11D3-BF4B-00C04F79EFBC}") = "Q7", "Q7\Q7.csproj", "{512BFD24-EAB2-4080-A4FA-78FB450C0A5D}"
EndProject
Project("{FAE04EC0-301F-11D3-BF4B-00C04F79EFBC}") = "Q8", "Q8\Q8.csproj", "{6996BFAF-4AB8-45BF-83B4-D90B71BA367E}"
EndProject
Project("{FAE04EC0-301F-11D3-BF4B-00C04F79EFBC}") = "Q9", "Q9\Q9.csproj", "{FA133AEC-6565-45FF-97D1-828244C7E740}"
EndProject
Project("{FAE04EC0-301F-11D3-BF4B-00C04F79EFBC}") = "Q10", "Q10\Q10.csproj", "{AEF722D6-B6AE-4ED3-A00D-02B11F35529F}"
EndProject
Project("{FAE04EC0-301F-11D3-BF4B-00C04F79EFBC}") = "Q11", "Q11\Q11.csproj", "{A0B70D79-7F0D-4428-9883-D1431BC76CB1}"
EndProject
Project("{FAE04EC0-301F-11D3-BF4B-00C04F79EFBC}") = "Q12", "Q12\Q12.csproj", "{3A1E1B41-A6BB-4B92-8E1F-2D89F0B85A27}"
EndProject
Project("{FAE04EC0-301F-11D3-BF4B-00C04F79EFBC}") = "Q13", "Q13\Q13.csproj", "{AE308102-ABF8-4171-88DF-EE1BDF0B26CB}"
EndProject
Project("{FAE04EC0-301F-11D3-BF4B-00C04F79EFBC}") = "Q15", "Q15\Q15.csproj", "{FB41D878-5677-4088-907C-C297169190E1}"
EndProject
Global
	GlobalSection(SolutionConfigurationPlatforms) = preSolution
		Debug|Any CPU = Debug|Any CPU
		Release|Any CPU = Release|Any CPU
	EndGlobalSection
	GlobalSection(ProjectConfigurationPlatforms) = postSolution
		{6D69B970-05FB-4310-80E4-349114D4C4DC}.Debug|Any CPU.ActiveCfg = Debug|Any CPU
		{6D69B970-05FB-4310-80E4-349114D4C4DC}.Debug|Any CPU.Build.0 = Debug|Any CPU
		{6D69B970-05FB-4310-80E4-349114D4C4DC}.Release|Any CPU.ActiveCfg = Release|Any CPU
		{6D69B970-05FB-4310-80E4-349114D4C4DC}.Release|Any CPU.Build.0 = Release|Any CPU
		{61185746-5D4C-4E55-8092-053EF4EB8244}.Debug|Any CPU.ActiveCfg = Debug|Any CPU
		{61185746-5D4C-4E55-8092-053EF4EB8244}.Debug|Any CPU.Build.0 = Debug|Any CPU
		{61185746-5D4C-4E55-8092-053EF4EB8244}.Release|Any CPU.ActiveCfg = Release|Any CPU
		{61185746-5D4C-4E55-8092-053EF4EB8244}.Release|Any CPU.Build.0 = Release|Any CPU
		{DD512083-5AF5-4FA5-BEFA-BCDAC11B6A96}.Debug|Any CPU.ActiveCfg = Debug|Any CPU
		{DD512083-5AF5-4FA5-BEFA-BCDAC11B6A96}.Debug|Any CPU.Build.0 = Debug|Any CPU
		{DD512083-5AF5-4FA5-BEFA-BCDAC11B6A96}.Release|Any CPU.ActiveCfg = Release|Any CPU
		{DD512083-5AF5-4FA5-BEFA-BCDAC11B6A96}.Release|Any CPU.Build.0 = Release|Any CPU
		{F297AD4A-90FB-4A36-83AC-E02048963EF6}.Debug|Any CPU.ActiveCfg = Debug|Any CPU
		{F297AD4A-90FB-4A36-83AC-E02048963EF6}.Debug|Any CPU.Build.0 = Debug|Any CPU
		{F297AD4A-90FB-4A36-83AC-E02048963EF6}.Release|Any CPU.ActiveCfg = Release|Any CPU
		{F297AD4A-90FB-4A36-83AC-E02048963EF6}.Release|Any CPU.Build.0 = Release|Any CPU
		{09A10AC8-0C00-43A4-BBDF-CA410B30B139}.Debug|Any CPU.ActiveCfg = Debug|Any CPU
		{09A10AC8-0C00-43A4-BBDF-CA410B30B139}.Debug|Any CPU.Build.0 = Debug|Any CPU
		{09A10AC8-0C00-43A4-BBDF-CA410B30B139}.Release|Any CPU.ActiveCfg = Release|Any CPU
		{09A10AC8-0C00-43A4-BBDF-CA410B30B139}.Release|Any CPU.Build.0 = Release|Any CPU
		{D493FC46-1BCD-4E36-86C9-CB831AAF0E73}.Debug|Any CPU.ActiveCfg = Debug|Any CPU
		{D493FC46-1BCD-4E36-86C9-CB831AAF0E73}.Debug|Any CPU.Build.0 = Debug|Any CPU
		{D493FC46-1BCD-4E36-86C9-CB831AAF0E73}.Release|Any CPU.ActiveCfg = Release|Any CPU
		{D493FC46-1BCD-4E36-86C9-CB831AAF0E73}.Release|Any CPU.Build.0 = Release|Any CPU
		{512BFD24-EAB2-4080-A4FA-78FB450C0A5D}.Debug|Any CPU.ActiveCfg = Debug|Any CPU
		{512BFD24-EAB2-4080-A4FA-78FB450C0A5D}.Debug|Any CPU.Build.0 = Debug|Any CPU
		{512BFD24-EAB2-4080-A4FA-78FB450C0A5D}.Release|Any CPU.ActiveCfg = Release|Any CPU
		{512BFD24-EAB2-4080-A4FA-78FB450C0A5D}.Release|Any CPU.Build.0 = Release|Any CPU
		{6996BFAF-4AB8-45BF-83B4-D90B71BA367E}.Debug|Any CPU.ActiveCfg = Debug|Any CPU
		{6996BFAF-4AB8-45BF-83B4-D90B71BA367E}.Debug|Any CPU.Build.0 = Debug|Any CPU
		{6996BFAF-4AB8-45BF-83B4-D90B71BA367E}.Release|Any CPU.ActiveCfg = Release|Any CPU
		{6996BFAF-4AB8-45BF-83B4-D90B71BA367E}.Release|Any CPU.Build.0 = Release|Any CPU
		{FA133AEC-6565-45FF-97D1-828244C7E740}.Debug|Any CPU.ActiveCfg = Debug|Any CPU
		{FA133AEC-6565-45FF-97D1-828244C7E740}.Debug|Any CPU.Build.0 = Debug|Any CPU
		{FA133AEC-6565-45FF-97D1-828244C7E740}.Release|Any CPU.ActiveCfg = Release|Any CPU
		{FA133AEC-6565-45FF-97D1-828244C7E740}.Release|Any CPU.Build.0 = Release|Any CPU
		{AEF722D6-B6AE-4ED3-A00D-02B11F35529F}.Debug|Any CPU.ActiveCfg = Debug|Any CPU
		{AEF722D6-B6AE-4ED3-A00D-02B11F35529F}.Debug|Any CPU.Build.0 = Debug|Any CPU
		{AEF722D6-B6AE-4ED3-A00D-02B11F35529F}.Release|Any CPU.ActiveCfg = Release|Any CPU
		{AEF722D6-B6AE-4ED3-A00D-02B11F35529F}.Release|Any CPU.Build.0 = Release|Any CPU
		{A0B70D79-7F0D-4428-9883-D1431BC76CB1}.Debug|Any CPU.ActiveCfg = Debug|Any CPU
		{A0B70D79-7F0D-4428-9883-D1431BC76CB1}.Debug|Any CPU.Build.0 = Debug|Any CPU
		{A0B70D79-7F0D-4428-9883-D1431BC76CB1}.Release|Any CPU.ActiveCfg = Release|Any CPU
		{A0B70D79-7F0D-4428-9883-D1431BC76CB1}.Release|Any CPU.Build.0 = Release|Any CPU
		{3A1E1B41-A6BB-4B92-8E1F-2D89F0B85A27}.Debug|Any CPU.ActiveCfg = Debug|Any CPU
		{3A1E1B41-A6BB-4B92-8E1F-2D89F0B85A27}.Debug|Any CPU.Build.0 = Debug|Any CPU
		{3A1E1B41-A6BB-4B92-8E1F-2D89F0B85A27}.Release|Any CPU.ActiveCfg = Release|Any CPU
		{3A1E1B41-A6BB-4B92-8E1F-2D89F0B85A27}.Release|Any CPU.Build.0 = Release|Any CPU
		{AE308102-ABF8-4171-88DF-EE1BDF0B26CB}.Debug|Any CPU.ActiveCfg = Debug|Any CPU
		{AE308102-ABF8-4171-88DF-EE1BDF0B26CB}.Debug|Any CPU.Build.0 = Debug|Any CPU
		{AE308102-ABF8-4171-88DF-EE1BDF0B26CB}.Release|Any CPU.ActiveCfg = Release|Any CPU
		{AE308102-ABF8-4171-88DF-EE1BDF0B26CB}.Release|Any CPU.Build.0 = Release|Any CPU
		{FB41D878-5677-4088-907C-C297169190E1}.Debug|Any CPU.ActiveCfg = Debug|Any CPU
		{FB41D878-5677-4088-907C-C297169190E1}.Debug|Any CPU.Build.0 = Debug|Any CPU
		{FB41D878-5677-4088-907C-C297169190E1}.Release|Any CPU.ActiveCfg = Release|Any CPU
		{FB41D878-5677-4088-907C-C297169190E1}.Release|Any CPU.Build.0 = Release|Any CPU
	EndGlobalSection
	GlobalSection(SolutionProperties) = preSolution
		HideSolutionNode = FALSE
	EndGlobalSection
	GlobalSection(ExtensibilityGlobals) = postSolution
		SolutionGuid = {915201F2-1760-4A9C-92BB-6FDD9B72A547}
	EndGlobalSection
EndGlobal
