
Microsoft Visual Studio Solution File, Format Version 12.00
# Visual Studio 15
VisualStudioVersion = 15.0.28010.2003
MinimumVisualStudioVersion = 10.0.40219.1
Project("{FAE04EC0-301F-11D3-BF4B-00C04F79EFBC}") = "Q1", "Lab3\Q1.csproj", "{E5A66C51-907E-469B-84EC-24FFE05BECFC}"
EndProject
Project("{FAE04EC0-301F-11D3-BF4B-00C04F79EFBC}") = "Q2", "Q2\Q2.csproj", "{EAAE0093-B0E2-41F7-949E-E91BAE209154}"
EndProject
Project("{FAE04EC0-301F-11D3-BF4B-00C04F79EFBC}") = "Q3", "Q3\Q3.csproj", "{5978ED9A-B8B5-4BCC-A010-C81525CBD3F0}"
EndProject
Project("{FAE04EC0-301F-11D3-BF4B-00C04F79EFBC}") = "Q4", "Q4\Q4.csproj", "{FFD0C66F-CA2C-44F6-9DB6-9BADCECCFCE2}"
EndProject
Project("{FAE04EC0-301F-11D3-BF4B-00C04F79EFBC}") = "Q5", "Q5\Q5.csproj", "{1B2B862F-587D-4334-8434-9DF6250C977F}"
EndProject
Project("{FAE04EC0-301F-11D3-BF4B-00C04F79EFBC}") = "Q6", "Q6\Q6.csproj", "{DD909923-7E65-421C-AC82-3D0AED30679A}"
EndProject
Project("{FAE04EC0-301F-11D3-BF4B-00C04F79EFBC}") = "Q7", "Q7\Q7.csproj", "{58539B59-7E18-4539-8083-A12F996CA62E}"
EndProject
Project("{FAE04EC0-301F-11D3-BF4B-00C04F79EFBC}") = "Q8", "Q8\Q8.csproj", "{B740A9F3-D755-4271-AD17-FAC3E9B69672}"
EndProject
Project("{FAE04EC0-301F-11D3-BF4B-00C04F79EFBC}") = "Q9", "Q9\Q9.csproj", "{DB47DB54-73B5-4461-88B4-E04CA6FB1151}"
EndProject
Project("{FAE04EC0-301F-11D3-BF4B-00C04F79EFBC}") = "Q10", "Q10\Q10.csproj", "{C12C85C1-57A9-4EE7-9468-7A45EA6D783F}"
EndProject
Project("{FAE04EC0-301F-11D3-BF4B-00C04F79EFBC}") = "Q11", "Q11\Q11.csproj", "{D60F2495-357C-4CC7-961C-EDB2D828AADE}"
EndProject
Project("{FAE04EC0-301F-11D3-BF4B-00C04F79EFBC}") = "Q12", "Q12\Q12.csproj", "{47479CBE-99C4-42F6-8CDE-104A27394501}"
EndProject
Project("{FAE04EC0-301F-11D3-BF4B-00C04F79EFBC}") = "Q13", "Q13\Q13.csproj", "{232ED24F-B491-4D20-B452-FA5358BD2D0D}"
EndProject
Project("{FAE04EC0-301F-11D3-BF4B-00C04F79EFBC}") = "Q14", "Q14\Q14.csproj", "{32D6707C-E680-47AB-866E-2274774765BD}"
EndProject
Project("{FAE04EC0-301F-11D3-BF4B-00C04F79EFBC}") = "Q15", "Q15\Q15.csproj", "{472DBC44-B0BB-4008-81A8-196726B83AC0}"
EndProject
Project("{FAE04EC0-301F-11D3-BF4B-00C04F79EFBC}") = "Q16", "Q16\Q16.csproj", "{21BA82A4-0C5A-4F74-A847-CDF281F17616}"
EndProject
Global
	GlobalSection(SolutionConfigurationPlatforms) = preSolution
		Debug|Any CPU = Debug|Any CPU
		Release|Any CPU = Release|Any CPU
	EndGlobalSection
	GlobalSection(ProjectConfigurationPlatforms) = postSolution
		{E5A66C51-907E-469B-84EC-24FFE05BECFC}.Debug|Any CPU.ActiveCfg = Debug|Any CPU
		{E5A66C51-907E-469B-84EC-24FFE05BECFC}.Debug|Any CPU.Build.0 = Debug|Any CPU
		{E5A66C51-907E-469B-84EC-24FFE05BECFC}.Release|Any CPU.ActiveCfg = Release|Any CPU
		{E5A66C51-907E-469B-84EC-24FFE05BECFC}.Release|Any CPU.Build.0 = Release|Any CPU
		{EAAE0093-B0E2-41F7-949E-E91BAE209154}.Debug|Any CPU.ActiveCfg = Debug|Any CPU
		{EAAE0093-B0E2-41F7-949E-E91BAE209154}.Debug|Any CPU.Build.0 = Debug|Any CPU
		{EAAE0093-B0E2-41F7-949E-E91BAE209154}.Release|Any CPU.ActiveCfg = Release|Any CPU
		{EAAE0093-B0E2-41F7-949E-E91BAE209154}.Release|Any CPU.Build.0 = Release|Any CPU
		{5978ED9A-B8B5-4BCC-A010-C81525CBD3F0}.Debug|Any CPU.ActiveCfg = Debug|Any CPU
		{5978ED9A-B8B5-4BCC-A010-C81525CBD3F0}.Debug|Any CPU.Build.0 = Debug|Any CPU
		{5978ED9A-B8B5-4BCC-A010-C81525CBD3F0}.Release|Any CPU.ActiveCfg = Release|Any CPU
		{5978ED9A-B8B5-4BCC-A010-C81525CBD3F0}.Release|Any CPU.Build.0 = Release|Any CPU
		{FFD0C66F-CA2C-44F6-9DB6-9BADCECCFCE2}.Debug|Any CPU.ActiveCfg = Debug|Any CPU
		{FFD0C66F-CA2C-44F6-9DB6-9BADCECCFCE2}.Debug|Any CPU.Build.0 = Debug|Any CPU
		{FFD0C66F-CA2C-44F6-9DB6-9BADCECCFCE2}.Release|Any CPU.ActiveCfg = Release|Any CPU
		{FFD0C66F-CA2C-44F6-9DB6-9BADCECCFCE2}.Release|Any CPU.Build.0 = Release|Any CPU
		{1B2B862F-587D-4334-8434-9DF6250C977F}.Debug|Any CPU.ActiveCfg = Debug|Any CPU
		{1B2B862F-587D-4334-8434-9DF6250C977F}.Debug|Any CPU.Build.0 = Debug|Any CPU
		{1B2B862F-587D-4334-8434-9DF6250C977F}.Release|Any CPU.ActiveCfg = Release|Any CPU
		{1B2B862F-587D-4334-8434-9DF6250C977F}.Release|Any CPU.Build.0 = Release|Any CPU
		{DD909923-7E65-421C-AC82-3D0AED30679A}.Debug|Any CPU.ActiveCfg = Debug|Any CPU
		{DD909923-7E65-421C-AC82-3D0AED30679A}.Debug|Any CPU.Build.0 = Debug|Any CPU
		{DD909923-7E65-421C-AC82-3D0AED30679A}.Release|Any CPU.ActiveCfg = Release|Any CPU
		{DD909923-7E65-421C-AC82-3D0AED30679A}.Release|Any CPU.Build.0 = Release|Any CPU
		{58539B59-7E18-4539-8083-A12F996CA62E}.Debug|Any CPU.ActiveCfg = Debug|Any CPU
		{58539B59-7E18-4539-8083-A12F996CA62E}.Debug|Any CPU.Build.0 = Debug|Any CPU
		{58539B59-7E18-4539-8083-A12F996CA62E}.Release|Any CPU.ActiveCfg = Release|Any CPU
		{58539B59-7E18-4539-8083-A12F996CA62E}.Release|Any CPU.Build.0 = Release|Any CPU
		{B740A9F3-D755-4271-AD17-FAC3E9B69672}.Debug|Any CPU.ActiveCfg = Debug|Any CPU
		{B740A9F3-D755-4271-AD17-FAC3E9B69672}.Debug|Any CPU.Build.0 = Debug|Any CPU
		{B740A9F3-D755-4271-AD17-FAC3E9B69672}.Release|Any CPU.ActiveCfg = Release|Any CPU
		{B740A9F3-D755-4271-AD17-FAC3E9B69672}.Release|Any CPU.Build.0 = Release|Any CPU
		{DB47DB54-73B5-4461-88B4-E04CA6FB1151}.Debug|Any CPU.ActiveCfg = Debug|Any CPU
		{DB47DB54-73B5-4461-88B4-E04CA6FB1151}.Debug|Any CPU.Build.0 = Debug|Any CPU
		{DB47DB54-73B5-4461-88B4-E04CA6FB1151}.Release|Any CPU.ActiveCfg = Release|Any CPU
		{DB47DB54-73B5-4461-88B4-E04CA6FB1151}.Release|Any CPU.Build.0 = Release|Any CPU
		{C12C85C1-57A9-4EE7-9468-7A45EA6D783F}.Debug|Any CPU.ActiveCfg = Debug|Any CPU
		{C12C85C1-57A9-4EE7-9468-7A45EA6D783F}.Debug|Any CPU.Build.0 = Debug|Any CPU
		{C12C85C1-57A9-4EE7-9468-7A45EA6D783F}.Release|Any CPU.ActiveCfg = Release|Any CPU
		{C12C85C1-57A9-4EE7-9468-7A45EA6D783F}.Release|Any CPU.Build.0 = Release|Any CPU
		{D60F2495-357C-4CC7-961C-EDB2D828AADE}.Debug|Any CPU.ActiveCfg = Debug|Any CPU
		{D60F2495-357C-4CC7-961C-EDB2D828AADE}.Debug|Any CPU.Build.0 = Debug|Any CPU
		{D60F2495-357C-4CC7-961C-EDB2D828AADE}.Release|Any CPU.ActiveCfg = Release|Any CPU
		{D60F2495-357C-4CC7-961C-EDB2D828AADE}.Release|Any CPU.Build.0 = Release|Any CPU
		{47479CBE-99C4-42F6-8CDE-104A27394501}.Debug|Any CPU.ActiveCfg = Debug|Any CPU
		{47479CBE-99C4-42F6-8CDE-104A27394501}.Debug|Any CPU.Build.0 = Debug|Any CPU
		{47479CBE-99C4-42F6-8CDE-104A27394501}.Release|Any CPU.ActiveCfg = Release|Any CPU
		{47479CBE-99C4-42F6-8CDE-104A27394501}.Release|Any CPU.Build.0 = Release|Any CPU
		{232ED24F-B491-4D20-B452-FA5358BD2D0D}.Debug|Any CPU.ActiveCfg = Debug|Any CPU
		{232ED24F-B491-4D20-B452-FA5358BD2D0D}.Debug|Any CPU.Build.0 = Debug|Any CPU
		{232ED24F-B491-4D20-B452-FA5358BD2D0D}.Release|Any CPU.ActiveCfg = Release|Any CPU
		{232ED24F-B491-4D20-B452-FA5358BD2D0D}.Release|Any CPU.Build.0 = Release|Any CPU
		{32D6707C-E680-47AB-866E-2274774765BD}.Debug|Any CPU.ActiveCfg = Debug|Any CPU
		{32D6707C-E680-47AB-866E-2274774765BD}.Debug|Any CPU.Build.0 = Debug|Any CPU
		{32D6707C-E680-47AB-866E-2274774765BD}.Release|Any CPU.ActiveCfg = Release|Any CPU
		{32D6707C-E680-47AB-866E-2274774765BD}.Release|Any CPU.Build.0 = Release|Any CPU
		{472DBC44-B0BB-4008-81A8-196726B83AC0}.Debug|Any CPU.ActiveCfg = Debug|Any CPU
		{472DBC44-B0BB-4008-81A8-196726B83AC0}.Debug|Any CPU.Build.0 = Debug|Any CPU
		{472DBC44-B0BB-4008-81A8-196726B83AC0}.Release|Any CPU.ActiveCfg = Release|Any CPU
		{472DBC44-B0BB-4008-81A8-196726B83AC0}.Release|Any CPU.Build.0 = Release|Any CPU
		{21BA82A4-0C5A-4F74-A847-CDF281F17616}.Debug|Any CPU.ActiveCfg = Debug|Any CPU
		{21BA82A4-0C5A-4F74-A847-CDF281F17616}.Debug|Any CPU.Build.0 = Debug|Any CPU
		{21BA82A4-0C5A-4F74-A847-CDF281F17616}.Release|Any CPU.ActiveCfg = Release|Any CPU
		{21BA82A4-0C5A-4F74-A847-CDF281F17616}.Release|Any CPU.Build.0 = Release|Any CPU
	EndGlobalSection
	GlobalSection(SolutionProperties) = preSolution
		HideSolutionNode = FALSE
	EndGlobalSection
	GlobalSection(ExtensibilityGlobals) = postSolution
		SolutionGuid = {10FE525B-18E0-4052-AFD7-EDB470104443}
	EndGlobalSection
EndGlobal
