
Microsoft Visual Studio Solution File, Format Version 12.00
# Visual Studio 15
VisualStudioVersion = 15.0.28307.1267
MinimumVisualStudioVersion = 10.0.40219.1
Project("{FAE04EC0-301F-11D3-BF4B-00C04F79EFBC}") = "Q1_Loop", "Lab 7\Q1_Loop.csproj", "{E55722EB-D758-4137-90F2-3FDC697B6CDA}"
EndProject
Project("{FAE04EC0-301F-11D3-BF4B-00C04F79EFBC}") = "Q2", "Q2\Q2.csproj", "{9A628408-29DF-4F33-B717-79A0B8DBF20E}"
EndProject
Project("{FAE04EC0-301F-11D3-BF4B-00C04F79EFBC}") = "Q3", "Q3\Q3.csproj", "{AA548C32-1C09-4152-B401-900BFD343D16}"
EndProject
Project("{FAE04EC0-301F-11D3-BF4B-00C04F79EFBC}") = "Q1_No Loop", "Q1\Q1_No Loop.csproj", "{915B2610-622F-4FA6-90FA-8C0E19779C3B}"
EndProject
Project("{FAE04EC0-301F-11D3-BF4B-00C04F79EFBC}") = "Q4", "Q4\Q4.csproj", "{FC27094C-56DF-4F08-8880-63B24A63BB99}"
EndProject
Project("{FAE04EC0-301F-11D3-BF4B-00C04F79EFBC}") = "Q5", "Q5\Q5.csproj", "{07386D30-DF6F-4998-9F59-9DCD4D6B034D}"
EndProject
Project("{FAE04EC0-301F-11D3-BF4B-00C04F79EFBC}") = "Q7", "Q7\Q7.csproj", "{EF5F6E71-4FDE-4FC8-AD16-4BB0D7F00D22}"
EndProject
Project("{FAE04EC0-301F-11D3-BF4B-00C04F79EFBC}") = "Q8", "Q8\Q8.csproj", "{FB5428C4-A9FC-4E1C-9773-8A93A6393181}"
EndProject
Project("{FAE04EC0-301F-11D3-BF4B-00C04F79EFBC}") = "Q6", "Q6\Q6.csproj", "{B7AD9434-AEAB-4D88-B0F8-44DEE6C5D38A}"
EndProject
Project("{FAE04EC0-301F-11D3-BF4B-00C04F79EFBC}") = "Q3_2", "Q3_2\Q3_2.csproj", "{E8F1DE1E-3AB0-4DF7-87BE-2E3DFDB0045B}"
EndProject
Project("{FAE04EC0-301F-11D3-BF4B-00C04F79EFBC}") = "Q4_2", "Q4_2\Q4_2.csproj", "{FD51D166-FFBE-4C67-801C-E4BE77B9A79D}"
EndProject
Project("{FAE04EC0-301F-11D3-BF4B-00C04F79EFBC}") = "Tests", "Tests\Tests.csproj", "{37317F30-36D2-4283-9390-B767456226A6}"
EndProject
Global
	GlobalSection(SolutionConfigurationPlatforms) = preSolution
		Debug|Any CPU = Debug|Any CPU
		Release|Any CPU = Release|Any CPU
	EndGlobalSection
	GlobalSection(ProjectConfigurationPlatforms) = postSolution
		{E55722EB-D758-4137-90F2-3FDC697B6CDA}.Debug|Any CPU.ActiveCfg = Debug|Any CPU
		{E55722EB-D758-4137-90F2-3FDC697B6CDA}.Debug|Any CPU.Build.0 = Debug|Any CPU
		{E55722EB-D758-4137-90F2-3FDC697B6CDA}.Release|Any CPU.ActiveCfg = Release|Any CPU
		{E55722EB-D758-4137-90F2-3FDC697B6CDA}.Release|Any CPU.Build.0 = Release|Any CPU
		{9A628408-29DF-4F33-B717-79A0B8DBF20E}.Debug|Any CPU.ActiveCfg = Debug|Any CPU
		{9A628408-29DF-4F33-B717-79A0B8DBF20E}.Debug|Any CPU.Build.0 = Debug|Any CPU
		{9A628408-29DF-4F33-B717-79A0B8DBF20E}.Release|Any CPU.ActiveCfg = Release|Any CPU
		{9A628408-29DF-4F33-B717-79A0B8DBF20E}.Release|Any CPU.Build.0 = Release|Any CPU
		{AA548C32-1C09-4152-B401-900BFD343D16}.Debug|Any CPU.ActiveCfg = Debug|Any CPU
		{AA548C32-1C09-4152-B401-900BFD343D16}.Debug|Any CPU.Build.0 = Debug|Any CPU
		{AA548C32-1C09-4152-B401-900BFD343D16}.Release|Any CPU.ActiveCfg = Release|Any CPU
		{AA548C32-1C09-4152-B401-900BFD343D16}.Release|Any CPU.Build.0 = Release|Any CPU
		{915B2610-622F-4FA6-90FA-8C0E19779C3B}.Debug|Any CPU.ActiveCfg = Debug|Any CPU
		{915B2610-622F-4FA6-90FA-8C0E19779C3B}.Debug|Any CPU.Build.0 = Debug|Any CPU
		{915B2610-622F-4FA6-90FA-8C0E19779C3B}.Release|Any CPU.ActiveCfg = Release|Any CPU
		{915B2610-622F-4FA6-90FA-8C0E19779C3B}.Release|Any CPU.Build.0 = Release|Any CPU
		{FC27094C-56DF-4F08-8880-63B24A63BB99}.Debug|Any CPU.ActiveCfg = Debug|Any CPU
		{FC27094C-56DF-4F08-8880-63B24A63BB99}.Debug|Any CPU.Build.0 = Debug|Any CPU
		{FC27094C-56DF-4F08-8880-63B24A63BB99}.Release|Any CPU.ActiveCfg = Release|Any CPU
		{FC27094C-56DF-4F08-8880-63B24A63BB99}.Release|Any CPU.Build.0 = Release|Any CPU
		{07386D30-DF6F-4998-9F59-9DCD4D6B034D}.Debug|Any CPU.ActiveCfg = Debug|Any CPU
		{07386D30-DF6F-4998-9F59-9DCD4D6B034D}.Debug|Any CPU.Build.0 = Debug|Any CPU
		{07386D30-DF6F-4998-9F59-9DCD4D6B034D}.Release|Any CPU.ActiveCfg = Release|Any CPU
		{07386D30-DF6F-4998-9F59-9DCD4D6B034D}.Release|Any CPU.Build.0 = Release|Any CPU
		{EF5F6E71-4FDE-4FC8-AD16-4BB0D7F00D22}.Debug|Any CPU.ActiveCfg = Debug|Any CPU
		{EF5F6E71-4FDE-4FC8-AD16-4BB0D7F00D22}.Debug|Any CPU.Build.0 = Debug|Any CPU
		{EF5F6E71-4FDE-4FC8-AD16-4BB0D7F00D22}.Release|Any CPU.ActiveCfg = Release|Any CPU
		{EF5F6E71-4FDE-4FC8-AD16-4BB0D7F00D22}.Release|Any CPU.Build.0 = Release|Any CPU
		{FB5428C4-A9FC-4E1C-9773-8A93A6393181}.Debug|Any CPU.ActiveCfg = Debug|Any CPU
		{FB5428C4-A9FC-4E1C-9773-8A93A6393181}.Debug|Any CPU.Build.0 = Debug|Any CPU
		{FB5428C4-A9FC-4E1C-9773-8A93A6393181}.Release|Any CPU.ActiveCfg = Release|Any CPU
		{FB5428C4-A9FC-4E1C-9773-8A93A6393181}.Release|Any CPU.Build.0 = Release|Any CPU
		{B7AD9434-AEAB-4D88-B0F8-44DEE6C5D38A}.Debug|Any CPU.ActiveCfg = Debug|Any CPU
		{B7AD9434-AEAB-4D88-B0F8-44DEE6C5D38A}.Debug|Any CPU.Build.0 = Debug|Any CPU
		{B7AD9434-AEAB-4D88-B0F8-44DEE6C5D38A}.Release|Any CPU.ActiveCfg = Release|Any CPU
		{B7AD9434-AEAB-4D88-B0F8-44DEE6C5D38A}.Release|Any CPU.Build.0 = Release|Any CPU
		{E8F1DE1E-3AB0-4DF7-87BE-2E3DFDB0045B}.Debug|Any CPU.ActiveCfg = Debug|Any CPU
		{E8F1DE1E-3AB0-4DF7-87BE-2E3DFDB0045B}.Debug|Any CPU.Build.0 = Debug|Any CPU
		{E8F1DE1E-3AB0-4DF7-87BE-2E3DFDB0045B}.Release|Any CPU.ActiveCfg = Release|Any CPU
		{E8F1DE1E-3AB0-4DF7-87BE-2E3DFDB0045B}.Release|Any CPU.Build.0 = Release|Any CPU
		{FD51D166-FFBE-4C67-801C-E4BE77B9A79D}.Debug|Any CPU.ActiveCfg = Debug|Any CPU
		{FD51D166-FFBE-4C67-801C-E4BE77B9A79D}.Debug|Any CPU.Build.0 = Debug|Any CPU
		{FD51D166-FFBE-4C67-801C-E4BE77B9A79D}.Release|Any CPU.ActiveCfg = Release|Any CPU
		{FD51D166-FFBE-4C67-801C-E4BE77B9A79D}.Release|Any CPU.Build.0 = Release|Any CPU
		{37317F30-36D2-4283-9390-B767456226A6}.Debug|Any CPU.ActiveCfg = Debug|Any CPU
		{37317F30-36D2-4283-9390-B767456226A6}.Debug|Any CPU.Build.0 = Debug|Any CPU
		{37317F30-36D2-4283-9390-B767456226A6}.Release|Any CPU.ActiveCfg = Release|Any CPU
		{37317F30-36D2-4283-9390-B767456226A6}.Release|Any CPU.Build.0 = Release|Any CPU
	EndGlobalSection
	GlobalSection(SolutionProperties) = preSolution
		HideSolutionNode = FALSE
	EndGlobalSection
	GlobalSection(ExtensibilityGlobals) = postSolution
		SolutionGuid = {F5169295-6EDA-4784-BAF0-E9E652711C7F}
	EndGlobalSection
EndGlobal
